
Microsoft Visual Studio Solution File, Format Version 12.00
# Visual Studio 2017
Project("{FAE04EC0-301F-11D3-BF4B-00C04F79EFBC}") = "Danger Zone.Plugins", "Danger Zone.Plugins.csproj", "{1688F31C-4D74-46A7-D84C-134D9C520D09}"
EndProject
Project("{FAE04EC0-301F-11D3-BF4B-00C04F79EFBC}") = "Danger Zone", "Danger Zone.csproj", "{FEDB4A53-0BE3-78B1-1159-9F753C164CB5}"
EndProject
Project("{FAE04EC0-301F-11D3-BF4B-00C04F79EFBC}") = "Danger Zone.Editor.Plugins", "Danger Zone.Editor.Plugins.csproj", "{B7FD1F84-7044-C878-9034-CAEAEBF47E4B}"
EndProject
Global
	GlobalSection(SolutionConfigurationPlatforms) = preSolution
		Debug|Any CPU = Debug|Any CPU
		Release|Any CPU = Release|Any CPU
	EndGlobalSection
	GlobalSection(ProjectConfigurationPlatforms) = postSolution
		{1688F31C-4D74-46A7-D84C-134D9C520D09}.Debug|Any CPU.ActiveCfg = Debug|Any CPU
		{1688F31C-4D74-46A7-D84C-134D9C520D09}.Debug|Any CPU.Build.0 = Debug|Any CPU
		{1688F31C-4D74-46A7-D84C-134D9C520D09}.Release|Any CPU.ActiveCfg = Release|Any CPU
		{1688F31C-4D74-46A7-D84C-134D9C520D09}.Release|Any CPU.Build.0 = Release|Any CPU
		{FEDB4A53-0BE3-78B1-1159-9F753C164CB5}.Debug|Any CPU.ActiveCfg = Debug|Any CPU
		{FEDB4A53-0BE3-78B1-1159-9F753C164CB5}.Debug|Any CPU.Build.0 = Debug|Any CPU
		{FEDB4A53-0BE3-78B1-1159-9F753C164CB5}.Release|Any CPU.ActiveCfg = Release|Any CPU
		{FEDB4A53-0BE3-78B1-1159-9F753C164CB5}.Release|Any CPU.Build.0 = Release|Any CPU
		{B7FD1F84-7044-C878-9034-CAEAEBF47E4B}.Debug|Any CPU.ActiveCfg = Debug|Any CPU
		{B7FD1F84-7044-C878-9034-CAEAEBF47E4B}.Debug|Any CPU.Build.0 = Debug|Any CPU
		{B7FD1F84-7044-C878-9034-CAEAEBF47E4B}.Release|Any CPU.ActiveCfg = Release|Any CPU
		{B7FD1F84-7044-C878-9034-CAEAEBF47E4B}.Release|Any CPU.Build.0 = Release|Any CPU
	EndGlobalSection
	GlobalSection(SolutionProperties) = preSolution
		HideSolutionNode = FALSE
	EndGlobalSection
EndGlobal
